
Microsoft Visual Studio Solution File, Format Version 12.00
# Visual Studio Version 17
VisualStudioVersion = 17.0.31903.59
MinimumVisualStudioVersion = 10.0.40219.1
Project("{FAE04EC0-301F-11D3-BF4B-00C04F79EFBC}") = "IntegraXL", "IntegraXL\IntegraXL.csproj", "{56E8E236-8D3B-4520-B893-41F73673B33F}"
EndProject
Global
	GlobalSection(SolutionConfigurationPlatforms) = preSolution
		Debug|Any CPU = Debug|Any CPU
		Release|Any CPU = Release|Any CPU
	EndGlobalSection
	GlobalSection(ProjectConfigurationPlatforms) = postSolution
		{56E8E236-8D3B-4520-B893-41F73673B33F}.Debug|Any CPU.ActiveCfg = Debug|Any CPU
		{56E8E236-8D3B-4520-B893-41F73673B33F}.Debug|Any CPU.Build.0 = Debug|Any CPU
		{56E8E236-8D3B-4520-B893-41F73673B33F}.Release|Any CPU.ActiveCfg = Release|Any CPU
		{56E8E236-8D3B-4520-B893-41F73673B33F}.Release|Any CPU.Build.0 = Release|Any CPU
	EndGlobalSection
	GlobalSection(SolutionProperties) = preSolution
		HideSolutionNode = FALSE
	EndGlobalSection
	GlobalSection(ExtensibilityGlobals) = postSolution
		SolutionGuid = {0AE79089-76E3-4C65-92A5-169EE4891BEB}
	EndGlobalSection
EndGlobal
